{
  "requires": true,
  "lockfileVersion": 1,
  "dependencies": {
    "fancybox": {
      "version": "3.0.1",
      "resolved": "https://registry.npmjs.org/fancybox/-/fancybox-3.0.1.tgz",
      "integrity": "sha512-HZ57O6j5Zk4Uvusd5pNUgWi7CCjKx+HFlCzjMPeRJ//0bQWUK+xVpkn3EzXWJate4ZSKNFP9kU2l49MP1g+oow=="
    },
    "lightgallery.js": {
      "version": "1.4.0",
      "resolved": "https://registry.npmjs.org/lightgallery.js/-/lightgallery.js-1.4.0.tgz",
      "integrity": "sha512-TK7auNMSz0sPjotq/VtKH/fe8GPkVRlmFf8F3zVsbFccLJL4r3U1VON+IggyE8Wy04QwbFQxTIIMqL7blibGSA=="
    }
  }
}
